{
    "_readme": [
        "This file locks the dependencies of your project to a known state",
        "Read more about it at https://getcomposer.org/doc/01-basic-usage.md#composer-lock-the-lock-file",
        "This file is @generated automatically"
    ],
    "content-hash": "d6c4d4be96929af0666b45317da8140e",
    "packages": [],
    "packages-dev": [],
    "aliases": [],
    "minimum-stability": "stable",
    "stability-flags": [],
    "prefer-stable": false,
    "prefer-lowest": false,
    "platform": {
        "php": "7.2.12",
        "ext-gd": "*",
        "ext-mbstring": "*",
        "ext-sqlite3": "*",
        "ext-imagick": "*"
    },
    "platform-dev": []
}
